
Microsoft Visual Studio Solution File, Format Version 12.00
# Visual Studio Version 17
VisualStudioVersion = 17.4.33122.133
MinimumVisualStudioVersion = 10.0.40219.1
Project("{FAE04EC0-301F-11D3-BF4B-00C04F79EFBC}") = "BounceBall", "BounceBall\BounceBall.csproj", "{3CE3B633-AE32-4F4F-B31F-636963735B0A}"
EndProject
Global
	GlobalSection(SolutionConfigurationPlatforms) = preSolution
		Debug|Any CPU = Debug|Any CPU
		Debug|x64 = Debug|x64
		Release|Any CPU = Release|Any CPU
		Release|x64 = Release|x64
	EndGlobalSection
	GlobalSection(ProjectConfigurationPlatforms) = postSolution
		{3CE3B633-AE32-4F4F-B31F-636963735B0A}.Debug|Any CPU.ActiveCfg = Debug|Any CPU
		{3CE3B633-AE32-4F4F-B31F-636963735B0A}.Debug|Any CPU.Build.0 = Debug|Any CPU
		{3CE3B633-AE32-4F4F-B31F-636963735B0A}.Debug|x64.ActiveCfg = Debug|x64
		{3CE3B633-AE32-4F4F-B31F-636963735B0A}.Debug|x64.Build.0 = Debug|x64
		{3CE3B633-AE32-4F4F-B31F-636963735B0A}.Release|Any CPU.ActiveCfg = Release|Any CPU
		{3CE3B633-AE32-4F4F-B31F-636963735B0A}.Release|Any CPU.Build.0 = Release|Any CPU
		{3CE3B633-AE32-4F4F-B31F-636963735B0A}.Release|x64.ActiveCfg = Release|x64
		{3CE3B633-AE32-4F4F-B31F-636963735B0A}.Release|x64.Build.0 = Release|x64
	EndGlobalSection
	GlobalSection(SolutionProperties) = preSolution
		HideSolutionNode = FALSE
	EndGlobalSection
	GlobalSection(ExtensibilityGlobals) = postSolution
		SolutionGuid = {84495BE2-EE3C-48D7-A68D-3C502AF36D9B}
	EndGlobalSection
EndGlobal
